// !$*UTF8*$!
{
	archiveVersion = 1;
	classes = {
	};
	objectVersion = 56;
	objects = {

/* Begin PBXBuildFile section */
		010EC9392D27CDFA006FEFD9 /* PERABEETools.swift in Sources */ = {isa = PBXBuildFile; fileRef = 010EC9382D27CDFA006FEFD9 /* PERABEETools.swift */; };
		010EC93C2D27E530006FEFD9 /* PERABEELocationManager.swift in Sources */ = {isa = PBXBuildFile; fileRef = 010EC93B2D27E530006FEFD9 /* PERABEELocationManager.swift */; };
		010EC95A2D2B8019006FEFD9 /* PERABEEMianViewModel.swift in Sources */ = {isa = PBXBuildFile; fileRef = 010EC9592D2B8019006FEFD9 /* PERABEEMianViewModel.swift */; };
		010EC95D2D2B84FC006FEFD9 /* PERABEEMianLargeCardCell.swift in Sources */ = {isa = PBXBuildFile; fileRef = 010EC95C2D2B84FC006FEFD9 /* PERABEEMianLargeCardCell.swift */; };
		010EC95F2D2B8C44006FEFD9 /* Roboto-ThinItalic.ttf in Resources */ = {isa = PBXBuildFile; fileRef = 010EC95E2D2B8C44006FEFD9 /* Roboto-ThinItalic.ttf */; };
		010EC9612D2B90BE006FEFD9 /* MPLUS2.ttf in Resources */ = {isa = PBXBuildFile; fileRef = 010EC9602D2B90BE006FEFD9 /* MPLUS2.ttf */; };
		010EC9632D2BD5CA006FEFD9 /* PERABEEMianEFsidyduaCell.swift in Sources */ = {isa = PBXBuildFile; fileRef = 010EC9622D2BD5CA006FEFD9 /* PERABEEMianEFsidyduaCell.swift */; };
		010EC9652D2BE1D1006FEFD9 /* PERABEEMianrDjgmoxpJCell.swift in Sources */ = {isa = PBXBuildFile; fileRef = 010EC9642D2BE1D1006FEFD9 /* PERABEEMianrDjgmoxpJCell.swift */; };
		010EC9672D2BE3D1006FEFD9 /* PERABEEMianrDjgmoxpSecCell.swift in Sources */ = {isa = PBXBuildFile; fileRef = 010EC9662D2BE3D1006FEFD9 /* PERABEEMianrDjgmoxpSecCell.swift */; };
		010EC9692D2BE7D4006FEFD9 /* PERABEEMianSmallCardCell.swift in Sources */ = {isa = PBXBuildFile; fileRef = 010EC9682D2BE7D4006FEFD9 /* PERABEEMianSmallCardCell.swift */; };
		010EC96B2D2BF145006FEFD9 /* PERABEEMianProductItemCell.swift in Sources */ = {isa = PBXBuildFile; fileRef = 010EC96A2D2BF145006FEFD9 /* PERABEEMianProductItemCell.swift */; };
		010EC9702D2CDC12006FEFD9 /* PERABEEMainWidgetPopView.swift in Sources */ = {isa = PBXBuildFile; fileRef = 010EC96F2D2CDC12006FEFD9 /* PERABEEMainWidgetPopView.swift */; };
		010EC9722D2CFAF4006FEFD9 /* PERABEEMainWidgetSionView.swift in Sources */ = {isa = PBXBuildFile; fileRef = 010EC9712D2CFAF4006FEFD9 /* PERABEEMainWidgetSionView.swift */; };
		010EC9752D2D102D006FEFD9 /* DeviceLib.framework in Frameworks */ = {isa = PBXBuildFile; fileRef = 010EC9742D2D102D006FEFD9 /* DeviceLib.framework */; };
		010EC9872D2D160D006FEFD9 /* PERABEEDeviceTool.swift in Sources */ = {isa = PBXBuildFile; fileRef = 010EC9862D2D160D006FEFD9 /* PERABEEDeviceTool.swift */; };
		010EC9892D2D2187006FEFD9 /* PERABEEApplyHandleManager.swift in Sources */ = {isa = PBXBuildFile; fileRef = 010EC9882D2D2187006FEFD9 /* PERABEEApplyHandleManager.swift */; };
		01A964BD2D2E614D006F9811 /* PERABEERunPlaSafireToler.swift in Sources */ = {isa = PBXBuildFile; fileRef = 01A964BC2D2E614D006F9811 /* PERABEERunPlaSafireToler.swift */; };
		01A964BF2D2E6236006F9811 /* PERABEEWebViewVCNarBar.swift in Sources */ = {isa = PBXBuildFile; fileRef = 01A964BE2D2E6236006F9811 /* PERABEEWebViewVCNarBar.swift */; };
		01A964C12D2F8239006F9811 /* PERABEMainEirgepcztoCell.swift in Sources */ = {isa = PBXBuildFile; fileRef = 01A964C02D2F8239006F9811 /* PERABEMainEirgepcztoCell.swift */; };
		3F11A1542D2F740600B618FD /* PBEESlowConfigWdiget.swift in Sources */ = {isa = PBXBuildFile; fileRef = 3F11A1532D2F740600B618FD /* PBEESlowConfigWdiget.swift */; };
		3F11A1582D2FBD9500B618FD /* PBEELittleTableCellClimer.swift in Sources */ = {isa = PBXBuildFile; fileRef = 3F11A1572D2FBD9500B618FD /* PBEELittleTableCellClimer.swift */; };
		3F3A8BAC2D2D3CA700BD704D /* PBEEDefaultRunsClearVibs.swift in Sources */ = {isa = PBXBuildFile; fileRef = 3F3A8BAB2D2D3CA400BD704D /* PBEEDefaultRunsClearVibs.swift */; };
		3FCF14522D2B83C600D9CDD4 /* PBEEKBlowHoldNee.swift in Sources */ = {isa = PBXBuildFile; fileRef = 3FCF14512D2B83C600D9CDD4 /* PBEEKBlowHoldNee.swift */; };
		3FCF14542D2B857A00D9CDD4 /* PBEEKissFloarMiit.swift in Sources */ = {isa = PBXBuildFile; fileRef = 3FCF14532D2B857A00D9CDD4 /* PBEEKissFloarMiit.swift */; };
		3FCF145D2D2BCB0900D9CDD4 /* PBEEFirstBaseWidget.swift in Sources */ = {isa = PBXBuildFile; fileRef = 3FCF145B2D2BCB0900D9CDD4 /* PBEEFirstBaseWidget.swift */; };
		3FCF145E2D2BCB0900D9CDD4 /* PBEEZeroMastWidget.swift in Sources */ = {isa = PBXBuildFile; fileRef = 3FCF145C2D2BCB0900D9CDD4 /* PBEEZeroMastWidget.swift */; };
		3FCF14602D2BCB6700D9CDD4 /* PBEEMastNextWidgetShower.swift in Sources */ = {isa = PBXBuildFile; fileRef = 3FCF145F2D2BCB6700D9CDD4 /* PBEEMastNextWidgetShower.swift */; };
		3FF8B8532D27C001004DB787 /* Assets.xcassets in Resources */ = {isa = PBXBuildFile; fileRef = 3FF8B84A2D27C001004DB787 /* Assets.xcassets */; };
		3FF8B8552D27C001004DB787 /* LaunchScreen.storyboard in Resources */ = {isa = PBXBuildFile; fileRef = 3FF8B84D2D27C001004DB787 /* LaunchScreen.storyboard */; };
		3FF8B8562D27C001004DB787 /* Main.storyboard in Resources */ = {isa = PBXBuildFile; fileRef = 3FF8B84F2D27C001004DB787 /* Main.storyboard */; };
		3FF8B8572D27C001004DB787 /* AppDelegate.swift in Sources */ = {isa = PBXBuildFile; fileRef = 3FF8B8492D27C001004DB787 /* AppDelegate.swift */; };
		3FF8B8592D27C001004DB787 /* ViewController.swift in Sources */ = {isa = PBXBuildFile; fileRef = 3FF8B8512D27C001004DB787 /* ViewController.swift */; };
		3FF8B8622D27C0BE004DB787 /* PBEERunFastByNetTools.swift in Sources */ = {isa = PBXBuildFile; fileRef = 3FF8B85F2D27C0BE004DB787 /* PBEERunFastByNetTools.swift */; };
		3FF8B8632D27C0BE004DB787 /* PBEEAnotherHomeWidget.swift in Sources */ = {isa = PBXBuildFile; fileRef = 3FF8B85D2D27C0BE004DB787 /* PBEEAnotherHomeWidget.swift */; };
		3FF8B8642D27C0BE004DB787 /* CustomTabBarController.swift in Sources */ = {isa = PBXBuildFile; fileRef = 3FF8B85A2D27C0BE004DB787 /* CustomTabBarController.swift */; };
		3FF8B8652D27C0BE004DB787 /* PBEEAllSaberListWidget.swift in Sources */ = {isa = PBXBuildFile; fileRef = 3FF8B85C2D27C0BE004DB787 /* PBEEAllSaberListWidget.swift */; };
		3FF8B8662D27C0BE004DB787 /* PBEEFireManWorkLates.swift in Sources */ = {isa = PBXBuildFile; fileRef = 3FF8B8602D27C0BE004DB787 /* PBEEFireManWorkLates.swift */; };
		3FF8B8672D27C0BE004DB787 /* PBEEWonderfullMainWidget.swift in Sources */ = {isa = PBXBuildFile; fileRef = 3FF8B85B2D27C0BE004DB787 /* PBEEWonderfullMainWidget.swift */; };
		506586CD39E73142888FFBD1 /* Pods_PeraBee.framework in Frameworks */ = {isa = PBXBuildFile; fileRef = C461AD5E8ADF6F87101FCC5F /* Pods_PeraBee.framework */; };
		C90FCEF72D27F69B00D4F9C1 /* PBECertBaseVC.swift in Sources */ = {isa = PBXBuildFile; fileRef = C90FCEF52D27F69B00D4F9C1 /* PBECertBaseVC.swift */; };
		C90FCEF82D27F69B00D4F9C1 /* PBECertBaseVC.xib in Resources */ = {isa = PBXBuildFile; fileRef = C90FCEF62D27F69B00D4F9C1 /* PBECertBaseVC.xib */; };
		C920D5782D2B736100BF78E1 /* PBECertBasicVC.swift in Sources */ = {isa = PBXBuildFile; fileRef = C920D5772D2B736100BF78E1 /* PBECertBasicVC.swift */; };
		C9B6D9092D2B8CC6001B0D72 /* MPLUS2-Medium.ttf in Resources */ = {isa = PBXBuildFile; fileRef = C9B6D9082D2B8CC6001B0D72 /* MPLUS2-Medium.ttf */; };
		C9B6D90B2D2BBE1C001B0D72 /* PBECertExtWidget.swift in Sources */ = {isa = PBXBuildFile; fileRef = C9B6D90A2D2BBE1C001B0D72 /* PBECertExtWidget.swift */; };
		C9B6D90D2D2BBE2C001B0D72 /* PBECertPhotosWidget.swift in Sources */ = {isa = PBXBuildFile; fileRef = C9B6D90C2D2BBE2C001B0D72 /* PBECertPhotosWidget.swift */; };
		C9B6D90F2D2BBE3A001B0D72 /* PBECertFacailWidget.swift in Sources */ = {isa = PBXBuildFile; fileRef = C9B6D90E2D2BBE3A001B0D72 /* PBECertFacailWidget.swift */; };
		C9B6D9112D2BBE49001B0D72 /* PBECertBankWidget.swift in Sources */ = {isa = PBXBuildFile; fileRef = C9B6D9102D2BBE49001B0D72 /* PBECertBankWidget.swift */; };
		C9B6D9152D2BC74C001B0D72 /* PBECertBaseWidgetTableViewCell.swift in Sources */ = {isa = PBXBuildFile; fileRef = C9B6D9132D2BC74C001B0D72 /* PBECertBaseWidgetTableViewCell.swift */; };
		C9B6D9162D2BC74C001B0D72 /* PBECertBaseWidgetTableViewCell.xib in Resources */ = {isa = PBXBuildFile; fileRef = C9B6D9142D2BC74C001B0D72 /* PBECertBaseWidgetTableViewCell.xib */; };
		C9B6D9192D2BE592001B0D72 /* PBECertBaseWidgetTxtTableViewCell.swift in Sources */ = {isa = PBXBuildFile; fileRef = C9B6D9172D2BE592001B0D72 /* PBECertBaseWidgetTxtTableViewCell.swift */; };
		C9B6D91A2D2BE592001B0D72 /* PBECertBaseWidgetTxtTableViewCell.xib in Resources */ = {isa = PBXBuildFile; fileRef = C9B6D9182D2BE592001B0D72 /* PBECertBaseWidgetTxtTableViewCell.xib */; };
		C9B6D9222D2CE243001B0D72 /* PBECertBaseWidgetMoreHeadView.swift in Sources */ = {isa = PBXBuildFile; fileRef = C9B6D9212D2CE243001B0D72 /* PBECertBaseWidgetMoreHeadView.swift */; };
		C9B6D9242D2D01FE001B0D72 /* PBECertBaseWidgetEmailView.swift in Sources */ = {isa = PBXBuildFile; fileRef = C9B6D9232D2D01FE001B0D72 /* PBECertBaseWidgetEmailView.swift */; };
		C9B6D9272D2D0258001B0D72 /* PBECertBaseWidgetEmailCell.swift in Sources */ = {isa = PBXBuildFile; fileRef = C9B6D9252D2D0258001B0D72 /* PBECertBaseWidgetEmailCell.swift */; };
		C9B6D9282D2D0258001B0D72 /* PBECertBaseWidgetEmailCell.xib in Resources */ = {isa = PBXBuildFile; fileRef = C9B6D9262D2D0258001B0D72 /* PBECertBaseWidgetEmailCell.xib */; };
		C9B6D92A2D2D13CF001B0D72 /* PBECertBaseWidgetPopSelectView.swift in Sources */ = {isa = PBXBuildFile; fileRef = C9B6D9292D2D13CF001B0D72 /* PBECertBaseWidgetPopSelectView.swift */; };
		C9B6D92D2D2D3954001B0D72 /* PBECertBaseWidgetContactCell.xib in Resources */ = {isa = PBXBuildFile; fileRef = C9B6D92C2D2D3954001B0D72 /* PBECertBaseWidgetContactCell.xib */; };
		C9B6D92E2D2D3954001B0D72 /* PBECertBaseWidgetContactCell.swift in Sources */ = {isa = PBXBuildFile; fileRef = C9B6D92B2D2D3954001B0D72 /* PBECertBaseWidgetContactCell.swift */; };
		C9B6D9302D2D42CC001B0D72 /* PBECertBaseWidgetPopSelectOneView.swift in Sources */ = {isa = PBXBuildFile; fileRef = C9B6D92F2D2D42CC001B0D72 /* PBECertBaseWidgetPopSelectOneView.swift */; };
		C9B6D9322D2D4685001B0D72 /* PRABEEContactsManager.swift in Sources */ = {isa = PBXBuildFile; fileRef = C9B6D9312D2D4685001B0D72 /* PRABEEContactsManager.swift */; };
		C9B6D9342D2E3149001B0D72 /* PBECertBaseWidgetPopSelectTimeView.swift in Sources */ = {isa = PBXBuildFile; fileRef = C9B6D9332D2E3149001B0D72 /* PBECertBaseWidgetPopSelectTimeView.swift */; };
		C9B6D9372D2E5D0B001B0D72 /* PBECertBaseWidgetPhotoHeadCell.swift in Sources */ = {isa = PBXBuildFile; fileRef = C9B6D9352D2E5D0B001B0D72 /* PBECertBaseWidgetPhotoHeadCell.swift */; };
		C9B6D9382D2E5D0B001B0D72 /* PBECertBaseWidgetPhotoHeadCell.xib in Resources */ = {isa = PBXBuildFile; fileRef = C9B6D9362D2E5D0B001B0D72 /* PBECertBaseWidgetPhotoHeadCell.xib */; };
		C9B6D93B2D2E5E2A001B0D72 /* PBECertBaseWidgetFacialCell.xib in Resources */ = {isa = PBXBuildFile; fileRef = C9B6D93A2D2E5E2A001B0D72 /* PBECertBaseWidgetFacialCell.xib */; };
		C9B6D93C2D2E5E2A001B0D72 /* PBECertBaseWidgetFacialCell.swift in Sources */ = {isa = PBXBuildFile; fileRef = C9B6D9392D2E5E2A001B0D72 /* PBECertBaseWidgetFacialCell.swift */; };
		C9F956A52D2E6EEB00C180A3 /* PBECertBaseWidgetPhotoGenderCell.xib in Resources */ = {isa = PBXBuildFile; fileRef = C9F956A42D2E6EEB00C180A3 /* PBECertBaseWidgetPhotoGenderCell.xib */; };
		C9F956A62D2E6EEB00C180A3 /* PBECertBaseWidgetPhotoGenderCell.swift in Sources */ = {isa = PBXBuildFile; fileRef = C9F956A32D2E6EEB00C180A3 /* PBECertBaseWidgetPhotoGenderCell.swift */; };
		C9F956A92D2FB54700C180A3 /* PBECertBaseWidgetBankECell.swift in Sources */ = {isa = PBXBuildFile; fileRef = C9F956A72D2FB54700C180A3 /* PBECertBaseWidgetBankECell.swift */; };
		C9F956AA2D2FB54700C180A3 /* PBECertBaseWidgetBankECell.xib in Resources */ = {isa = PBXBuildFile; fileRef = C9F956A82D2FB54700C180A3 /* PBECertBaseWidgetBankECell.xib */; };
		C9F956AD2D2FB55400C180A3 /* PBECertBaseWidgetBankBCell.swift in Sources */ = {isa = PBXBuildFile; fileRef = C9F956AB2D2FB55400C180A3 /* PBECertBaseWidgetBankBCell.swift */; };
		C9F956AE2D2FB55400C180A3 /* PBECertBaseWidgetBankBCell.xib in Resources */ = {isa = PBXBuildFile; fileRef = C9F956AC2D2FB55400C180A3 /* PBECertBaseWidgetBankBCell.xib */; };
		C9F956B12D2FBAA600C180A3 /* PBECertBaseWidgetBankEECell.swift in Sources */ = {isa = PBXBuildFile; fileRef = C9F956AF2D2FBAA600C180A3 /* PBECertBaseWidgetBankEECell.swift */; };
		C9F956B22D2FBAA600C180A3 /* PBECertBaseWidgetBankEECell.xib in Resources */ = {isa = PBXBuildFile; fileRef = C9F956B02D2FBAA600C180A3 /* PBECertBaseWidgetBankEECell.xib */; };
		C9F956B52D2FDBF500C180A3 /* PBECertBaseWidgetBankConfirmViewController.swift in Sources */ = {isa = PBXBuildFile; fileRef = C9F956B32D2FDBF500C180A3 /* PBECertBaseWidgetBankConfirmViewController.swift */; };
		C9F956B62D2FDBF500C180A3 /* PBECertBaseWidgetBankConfirmViewController.xib in Resources */ = {isa = PBXBuildFile; fileRef = C9F956B42D2FDBF500C180A3 /* PBECertBaseWidgetBankConfirmViewController.xib */; };
/* End PBXBuildFile section */

/* Begin PBXFileReference section */
		010EC9382D27CDFA006FEFD9 /* PERABEETools.swift */ = {isa = PBXFileReference; lastKnownFileType = sourcecode.swift; path = PERABEETools.swift; sourceTree = "<group>"; };
		010EC93A2D27D70D006FEFD9 /* PeraBee.entitlements */ = {isa = PBXFileReference; lastKnownFileType = text.plist.entitlements; path = PeraBee.entitlements; sourceTree = "<group>"; };
		010EC93B2D27E530006FEFD9 /* PERABEELocationManager.swift */ = {isa = PBXFileReference; lastKnownFileType = sourcecode.swift; path = PERABEELocationManager.swift; sourceTree = "<group>"; };
		010EC9592D2B8019006FEFD9 /* PERABEEMianViewModel.swift */ = {isa = PBXFileReference; lastKnownFileType = sourcecode.swift; path = PERABEEMianViewModel.swift; sourceTree = "<group>"; };
		010EC95C2D2B84FC006FEFD9 /* PERABEEMianLargeCardCell.swift */ = {isa = PBXFileReference; lastKnownFileType = sourcecode.swift; path = PERABEEMianLargeCardCell.swift; sourceTree = "<group>"; };
		010EC95E2D2B8C44006FEFD9 /* Roboto-ThinItalic.ttf */ = {isa = PBXFileReference; lastKnownFileType = file; path = "Roboto-ThinItalic.ttf"; sourceTree = "<group>"; };
		010EC9602D2B90BE006FEFD9 /* MPLUS2.ttf */ = {isa = PBXFileReference; lastKnownFileType = file; path = MPLUS2.ttf; sourceTree = "<group>"; };
		010EC9622D2BD5CA006FEFD9 /* PERABEEMianEFsidyduaCell.swift */ = {isa = PBXFileReference; lastKnownFileType = sourcecode.swift; path = PERABEEMianEFsidyduaCell.swift; sourceTree = "<group>"; };
		010EC9642D2BE1D1006FEFD9 /* PERABEEMianrDjgmoxpJCell.swift */ = {isa = PBXFileReference; lastKnownFileType = sourcecode.swift; path = PERABEEMianrDjgmoxpJCell.swift; sourceTree = "<group>"; };
		010EC9662D2BE3D1006FEFD9 /* PERABEEMianrDjgmoxpSecCell.swift */ = {isa = PBXFileReference; lastKnownFileType = sourcecode.swift; path = PERABEEMianrDjgmoxpSecCell.swift; sourceTree = "<group>"; };
		010EC9682D2BE7D4006FEFD9 /* PERABEEMianSmallCardCell.swift */ = {isa = PBXFileReference; lastKnownFileType = sourcecode.swift; path = PERABEEMianSmallCardCell.swift; sourceTree = "<group>"; };
		010EC96A2D2BF145006FEFD9 /* PERABEEMianProductItemCell.swift */ = {isa = PBXFileReference; lastKnownFileType = sourcecode.swift; path = PERABEEMianProductItemCell.swift; sourceTree = "<group>"; };
		010EC96F2D2CDC12006FEFD9 /* PERABEEMainWidgetPopView.swift */ = {isa = PBXFileReference; lastKnownFileType = sourcecode.swift; path = PERABEEMainWidgetPopView.swift; sourceTree = "<group>"; };
		010EC9712D2CFAF4006FEFD9 /* PERABEEMainWidgetSionView.swift */ = {isa = PBXFileReference; lastKnownFileType = sourcecode.swift; path = PERABEEMainWidgetSionView.swift; sourceTree = "<group>"; };
		010EC9742D2D102D006FEFD9 /* DeviceLib.framework */ = {isa = PBXFileReference; lastKnownFileType = wrapper.framework; path = DeviceLib.framework; sourceTree = "<group>"; };
		010EC9862D2D160D006FEFD9 /* PERABEEDeviceTool.swift */ = {isa = PBXFileReference; lastKnownFileType = sourcecode.swift; path = PERABEEDeviceTool.swift; sourceTree = "<group>"; };
		010EC9882D2D2187006FEFD9 /* PERABEEApplyHandleManager.swift */ = {isa = PBXFileReference; lastKnownFileType = sourcecode.swift; path = PERABEEApplyHandleManager.swift; sourceTree = "<group>"; };
		01A964BC2D2E614D006F9811 /* PERABEERunPlaSafireToler.swift */ = {isa = PBXFileReference; lastKnownFileType = sourcecode.swift; path = PERABEERunPlaSafireToler.swift; sourceTree = "<group>"; };
		01A964BE2D2E6236006F9811 /* PERABEEWebViewVCNarBar.swift */ = {isa = PBXFileReference; lastKnownFileType = sourcecode.swift; path = PERABEEWebViewVCNarBar.swift; sourceTree = "<group>"; };
		01A964C02D2F8239006F9811 /* PERABEMainEirgepcztoCell.swift */ = {isa = PBXFileReference; lastKnownFileType = sourcecode.swift; path = PERABEMainEirgepcztoCell.swift; sourceTree = "<group>"; };
		3F11A1532D2F740600B618FD /* PBEESlowConfigWdiget.swift */ = {isa = PBXFileReference; lastKnownFileType = sourcecode.swift; path = PBEESlowConfigWdiget.swift; sourceTree = "<group>"; };
		3F11A1572D2FBD9500B618FD /* PBEELittleTableCellClimer.swift */ = {isa = PBXFileReference; lastKnownFileType = sourcecode.swift; path = PBEELittleTableCellClimer.swift; sourceTree = "<group>"; };
		3F3A8BA72D2D11EF00BD704D /* PeraBee-Bridging-Header.h */ = {isa = PBXFileReference; lastKnownFileType = sourcecode.c.h; path = "PeraBee-Bridging-Header.h"; sourceTree = "<group>"; };
		3F3A8BAB2D2D3CA400BD704D /* PBEEDefaultRunsClearVibs.swift */ = {isa = PBXFileReference; lastKnownFileType = sourcecode.swift; path = PBEEDefaultRunsClearVibs.swift; sourceTree = "<group>"; };
		3FCF14512D2B83C600D9CDD4 /* PBEEKBlowHoldNee.swift */ = {isa = PBXFileReference; lastKnownFileType = sourcecode.swift; path = PBEEKBlowHoldNee.swift; sourceTree = "<group>"; };
		3FCF14532D2B857A00D9CDD4 /* PBEEKissFloarMiit.swift */ = {isa = PBXFileReference; lastKnownFileType = sourcecode.swift; path = PBEEKissFloarMiit.swift; sourceTree = "<group>"; };
		3FCF145B2D2BCB0900D9CDD4 /* PBEEFirstBaseWidget.swift */ = {isa = PBXFileReference; lastKnownFileType = sourcecode.swift; path = PBEEFirstBaseWidget.swift; sourceTree = "<group>"; };
		3FCF145C2D2BCB0900D9CDD4 /* PBEEZeroMastWidget.swift */ = {isa = PBXFileReference; lastKnownFileType = sourcecode.swift; path = PBEEZeroMastWidget.swift; sourceTree = "<group>"; };
		3FCF145F2D2BCB6700D9CDD4 /* PBEEMastNextWidgetShower.swift */ = {isa = PBXFileReference; lastKnownFileType = sourcecode.swift; path = PBEEMastNextWidgetShower.swift; sourceTree = "<group>"; };
		3FF8B8212D27BFDC004DB787 /* PeraBee.app */ = {isa = PBXFileReference; explicitFileType = wrapper.application; includeInIndex = 0; path = PeraBee.app; sourceTree = BUILT_PRODUCTS_DIR; };
		3FF8B8492D27C001004DB787 /* AppDelegate.swift */ = {isa = PBXFileReference; lastKnownFileType = sourcecode.swift; path = AppDelegate.swift; sourceTree = "<group>"; };
		3FF8B84A2D27C001004DB787 /* Assets.xcassets */ = {isa = PBXFileReference; lastKnownFileType = folder.assetcatalog; path = Assets.xcassets; sourceTree = "<group>"; };
		3FF8B84B2D27C001004DB787 /* Info.plist */ = {isa = PBXFileReference; lastKnownFileType = text.plist.xml; path = Info.plist; sourceTree = "<group>"; };
		3FF8B84C2D27C001004DB787 /* Base */ = {isa = PBXFileReference; lastKnownFileType = file.storyboard; name = Base; path = Base.lproj/LaunchScreen.storyboard; sourceTree = "<group>"; };
		3FF8B84E2D27C001004DB787 /* Base */ = {isa = PBXFileReference; lastKnownFileType = file.storyboard; name = Base; path = Base.lproj/Main.storyboard; sourceTree = "<group>"; };
		3FF8B8512D27C001004DB787 /* ViewController.swift */ = {isa = PBXFileReference; lastKnownFileType = sourcecode.swift; path = ViewController.swift; sourceTree = "<group>"; };
		3FF8B85A2D27C0BE004DB787 /* CustomTabBarController.swift */ = {isa = PBXFileReference; lastKnownFileType = sourcecode.swift; path = CustomTabBarController.swift; sourceTree = "<group>"; };
		3FF8B85B2D27C0BE004DB787 /* PBEEWonderfullMainWidget.swift */ = {isa = PBXFileReference; lastKnownFileType = sourcecode.swift; path = PBEEWonderfullMainWidget.swift; sourceTree = "<group>"; };
		3FF8B85C2D27C0BE004DB787 /* PBEEAllSaberListWidget.swift */ = {isa = PBXFileReference; lastKnownFileType = sourcecode.swift; path = PBEEAllSaberListWidget.swift; sourceTree = "<group>"; };
		3FF8B85D2D27C0BE004DB787 /* PBEEAnotherHomeWidget.swift */ = {isa = PBXFileReference; lastKnownFileType = sourcecode.swift; path = PBEEAnotherHomeWidget.swift; sourceTree = "<group>"; };
		3FF8B85F2D27C0BE004DB787 /* PBEERunFastByNetTools.swift */ = {isa = PBXFileReference; lastKnownFileType = sourcecode.swift; path = PBEERunFastByNetTools.swift; sourceTree = "<group>"; };
		3FF8B8602D27C0BE004DB787 /* PBEEFireManWorkLates.swift */ = {isa = PBXFileReference; lastKnownFileType = sourcecode.swift; path = PBEEFireManWorkLates.swift; sourceTree = "<group>"; };
		C271A16697F6A4416F584085 /* Pods-PeraBee.debug.xcconfig */ = {isa = PBXFileReference; includeInIndex = 1; lastKnownFileType = text.xcconfig; name = "Pods-PeraBee.debug.xcconfig"; path = "Target Support Files/Pods-PeraBee/Pods-PeraBee.debug.xcconfig"; sourceTree = "<group>"; };
		C461AD5E8ADF6F87101FCC5F /* Pods_PeraBee.framework */ = {isa = PBXFileReference; explicitFileType = wrapper.framework; includeInIndex = 0; path = Pods_PeraBee.framework; sourceTree = BUILT_PRODUCTS_DIR; };
		C90FCEF52D27F69B00D4F9C1 /* PBECertBaseVC.swift */ = {isa = PBXFileReference; lastKnownFileType = sourcecode.swift; path = PBECertBaseVC.swift; sourceTree = "<group>"; };
		C90FCEF62D27F69B00D4F9C1 /* PBECertBaseVC.xib */ = {isa = PBXFileReference; lastKnownFileType = file.xib; path = PBECertBaseVC.xib; sourceTree = "<group>"; };
		C920D5772D2B736100BF78E1 /* PBECertBasicVC.swift */ = {isa = PBXFileReference; lastKnownFileType = sourcecode.swift; path = PBECertBasicVC.swift; sourceTree = "<group>"; };
		C9B6D9082D2B8CC6001B0D72 /* MPLUS2-Medium.ttf */ = {isa = PBXFileReference; lastKnownFileType = file; path = "MPLUS2-Medium.ttf"; sourceTree = "<group>"; };
		C9B6D90A2D2BBE1C001B0D72 /* PBECertExtWidget.swift */ = {isa = PBXFileReference; lastKnownFileType = sourcecode.swift; path = PBECertExtWidget.swift; sourceTree = "<group>"; };
		C9B6D90C2D2BBE2C001B0D72 /* PBECertPhotosWidget.swift */ = {isa = PBXFileReference; lastKnownFileType = sourcecode.swift; path = PBECertPhotosWidget.swift; sourceTree = "<group>"; };
		C9B6D90E2D2BBE3A001B0D72 /* PBECertFacailWidget.swift */ = {isa = PBXFileReference; lastKnownFileType = sourcecode.swift; path = PBECertFacailWidget.swift; sourceTree = "<group>"; };
		C9B6D9102D2BBE49001B0D72 /* PBECertBankWidget.swift */ = {isa = PBXFileReference; lastKnownFileType = sourcecode.swift; path = PBECertBankWidget.swift; sourceTree = "<group>"; };
		C9B6D9132D2BC74C001B0D72 /* PBECertBaseWidgetTableViewCell.swift */ = {isa = PBXFileReference; lastKnownFileType = sourcecode.swift; path = PBECertBaseWidgetTableViewCell.swift; sourceTree = "<group>"; };
		C9B6D9142D2BC74C001B0D72 /* PBECertBaseWidgetTableViewCell.xib */ = {isa = PBXFileReference; lastKnownFileType = file.xib; path = PBECertBaseWidgetTableViewCell.xib; sourceTree = "<group>"; };
		C9B6D9172D2BE592001B0D72 /* PBECertBaseWidgetTxtTableViewCell.swift */ = {isa = PBXFileReference; lastKnownFileType = sourcecode.swift; path = PBECertBaseWidgetTxtTableViewCell.swift; sourceTree = "<group>"; };
		C9B6D9182D2BE592001B0D72 /* PBECertBaseWidgetTxtTableViewCell.xib */ = {isa = PBXFileReference; lastKnownFileType = file.xib; path = PBECertBaseWidgetTxtTableViewCell.xib; sourceTree = "<group>"; };
		C9B6D9212D2CE243001B0D72 /* PBECertBaseWidgetMoreHeadView.swift */ = {isa = PBXFileReference; lastKnownFileType = sourcecode.swift; path = PBECertBaseWidgetMoreHeadView.swift; sourceTree = "<group>"; };
		C9B6D9232D2D01FE001B0D72 /* PBECertBaseWidgetEmailView.swift */ = {isa = PBXFileReference; lastKnownFileType = sourcecode.swift; path = PBECertBaseWidgetEmailView.swift; sourceTree = "<group>"; };
		C9B6D9252D2D0258001B0D72 /* PBECertBaseWidgetEmailCell.swift */ = {isa = PBXFileReference; lastKnownFileType = sourcecode.swift; path = PBECertBaseWidgetEmailCell.swift; sourceTree = "<group>"; };
		C9B6D9262D2D0258001B0D72 /* PBECertBaseWidgetEmailCell.xib */ = {isa = PBXFileReference; lastKnownFileType = file.xib; path = PBECertBaseWidgetEmailCell.xib; sourceTree = "<group>"; };
		C9B6D9292D2D13CF001B0D72 /* PBECertBaseWidgetPopSelectView.swift */ = {isa = PBXFileReference; lastKnownFileType = sourcecode.swift; path = PBECertBaseWidgetPopSelectView.swift; sourceTree = "<group>"; };
		C9B6D92B2D2D3954001B0D72 /* PBECertBaseWidgetContactCell.swift */ = {isa = PBXFileReference; lastKnownFileType = sourcecode.swift; path = PBECertBaseWidgetContactCell.swift; sourceTree = "<group>"; };
		C9B6D92C2D2D3954001B0D72 /* PBECertBaseWidgetContactCell.xib */ = {isa = PBXFileReference; lastKnownFileType = file.xib; path = PBECertBaseWidgetContactCell.xib; sourceTree = "<group>"; };
		C9B6D92F2D2D42CC001B0D72 /* PBECertBaseWidgetPopSelectOneView.swift */ = {isa = PBXFileReference; lastKnownFileType = sourcecode.swift; path = PBECertBaseWidgetPopSelectOneView.swift; sourceTree = "<group>"; };
		C9B6D9312D2D4685001B0D72 /* PRABEEContactsManager.swift */ = {isa = PBXFileReference; lastKnownFileType = sourcecode.swift; path = PRABEEContactsManager.swift; sourceTree = "<group>"; };
		C9B6D9332D2E3149001B0D72 /* PBECertBaseWidgetPopSelectTimeView.swift */ = {isa = PBXFileReference; lastKnownFileType = sourcecode.swift; path = PBECertBaseWidgetPopSelectTimeView.swift; sourceTree = "<group>"; };
		C9B6D9352D2E5D0B001B0D72 /* PBECertBaseWidgetPhotoHeadCell.swift */ = {isa = PBXFileReference; lastKnownFileType = sourcecode.swift; path = PBECertBaseWidgetPhotoHeadCell.swift; sourceTree = "<group>"; };
		C9B6D9362D2E5D0B001B0D72 /* PBECertBaseWidgetPhotoHeadCell.xib */ = {isa = PBXFileReference; lastKnownFileType = file.xib; path = PBECertBaseWidgetPhotoHeadCell.xib; sourceTree = "<group>"; };
		C9B6D9392D2E5E2A001B0D72 /* PBECertBaseWidgetFacialCell.swift */ = {isa = PBXFileReference; lastKnownFileType = sourcecode.swift; path = PBECertBaseWidgetFacialCell.swift; sourceTree = "<group>"; };
		C9B6D93A2D2E5E2A001B0D72 /* PBECertBaseWidgetFacialCell.xib */ = {isa = PBXFileReference; lastKnownFileType = file.xib; path = PBECertBaseWidgetFacialCell.xib; sourceTree = "<group>"; };
		C9F956A32D2E6EEB00C180A3 /* PBECertBaseWidgetPhotoGenderCell.swift */ = {isa = PBXFileReference; lastKnownFileType = sourcecode.swift; path = PBECertBaseWidgetPhotoGenderCell.swift; sourceTree = "<group>"; };
		C9F956A42D2E6EEB00C180A3 /* PBECertBaseWidgetPhotoGenderCell.xib */ = {isa = PBXFileReference; lastKnownFileType = file.xib; path = PBECertBaseWidgetPhotoGenderCell.xib; sourceTree = "<group>"; };
		C9F956A72D2FB54700C180A3 /* PBECertBaseWidgetBankECell.swift */ = {isa = PBXFileReference; lastKnownFileType = sourcecode.swift; path = PBECertBaseWidgetBankECell.swift; sourceTree = "<group>"; };
		C9F956A82D2FB54700C180A3 /* PBECertBaseWidgetBankECell.xib */ = {isa = PBXFileReference; lastKnownFileType = file.xib; path = PBECertBaseWidgetBankECell.xib; sourceTree = "<group>"; };
		C9F956AB2D2FB55400C180A3 /* PBECertBaseWidgetBankBCell.swift */ = {isa = PBXFileReference; lastKnownFileType = sourcecode.swift; path = PBECertBaseWidgetBankBCell.swift; sourceTree = "<group>"; };
		C9F956AC2D2FB55400C180A3 /* PBECertBaseWidgetBankBCell.xib */ = {isa = PBXFileReference; lastKnownFileType = file.xib; path = PBECertBaseWidgetBankBCell.xib; sourceTree = "<group>"; };
		C9F956AF2D2FBAA600C180A3 /* PBECertBaseWidgetBankEECell.swift */ = {isa = PBXFileReference; lastKnownFileType = sourcecode.swift; path = PBECertBaseWidgetBankEECell.swift; sourceTree = "<group>"; };
		C9F956B02D2FBAA600C180A3 /* PBECertBaseWidgetBankEECell.xib */ = {isa = PBXFileReference; lastKnownFileType = file.xib; path = PBECertBaseWidgetBankEECell.xib; sourceTree = "<group>"; };
		C9F956B32D2FDBF500C180A3 /* PBECertBaseWidgetBankConfirmViewController.swift */ = {isa = PBXFileReference; lastKnownFileType = sourcecode.swift; path = PBECertBaseWidgetBankConfirmViewController.swift; sourceTree = "<group>"; };
		C9F956B42D2FDBF500C180A3 /* PBECertBaseWidgetBankConfirmViewController.xib */ = {isa = PBXFileReference; lastKnownFileType = file.xib; path = PBECertBaseWidgetBankConfirmViewController.xib; sourceTree = "<group>"; };
		F4B305CA980E71E2C3D6F8F2 /* Pods-PeraBee.release.xcconfig */ = {isa = PBXFileReference; includeInIndex = 1; lastKnownFileType = text.xcconfig; name = "Pods-PeraBee.release.xcconfig"; path = "Target Support Files/Pods-PeraBee/Pods-PeraBee.release.xcconfig"; sourceTree = "<group>"; };
/* End PBXFileReference section */

/* Begin PBXFrameworksBuildPhase section */
		3FF8B81E2D27BFDC004DB787 /* Frameworks */ = {
			isa = PBXFrameworksBuildPhase;
			buildActionMask = 2147483647;
			files = (
				010EC9752D2D102D006FEFD9 /* DeviceLib.framework in Frameworks */,
				506586CD39E73142888FFBD1 /* Pods_PeraBee.framework in Frameworks */,
			);
			runOnlyForDeploymentPostprocessing = 0;
		};
/* End PBXFrameworksBuildPhase section */

/* Begin PBXGroup section */
		010EC9372D27CD7F006FEFD9 /* PBETotalRttfRoomateger */ = {
			isa = PBXGroup;
			children = (
				010EC9382D27CDFA006FEFD9 /* PERABEETools.swift */,
				010EC9862D2D160D006FEFD9 /* PERABEEDeviceTool.swift */,
				010EC93B2D27E530006FEFD9 /* PERABEELocationManager.swift */,
				C9B6D9312D2D4685001B0D72 /* PRABEEContactsManager.swift */,
				010EC9882D2D2187006FEFD9 /* PERABEEApplyHandleManager.swift */,
			);
			path = PBETotalRttfRoomateger;
			sourceTree = "<group>";
		};
		010EC9572D2B7FCF006FEFD9 /* FloendeCiontaodPopNation */ = {
			isa = PBXGroup;
			children = (
				010EC95B2D2B8499006FEFD9 /* BlocaebDalegetaLOdin */,
				010EC9582D2B7FEA006FEFD9 /* VibsModelManger */,
				3FF8B85B2D27C0BE004DB787 /* PBEEWonderfullMainWidget.swift */,
			);
			path = FloendeCiontaodPopNation;
			sourceTree = "<group>";
		};
		010EC9582D2B7FEA006FEFD9 /* VibsModelManger */ = {
			isa = PBXGroup;
			children = (
				010EC9592D2B8019006FEFD9 /* PERABEEMianViewModel.swift */,
			);
			path = VibsModelManger;
			sourceTree = "<group>";
		};
		010EC95B2D2B8499006FEFD9 /* BlocaebDalegetaLOdin */ = {
			isa = PBXGroup;
			children = (
				010EC96E2D2CDB5F006FEFD9 /* RameCelViewFileds */,
				010EC96F2D2CDC12006FEFD9 /* PERABEEMainWidgetPopView.swift */,
				010EC9712D2CFAF4006FEFD9 /* PERABEEMainWidgetSionView.swift */,
			);
			path = BlocaebDalegetaLOdin;
			sourceTree = "<group>";
		};
		010EC96E2D2CDB5F006FEFD9 /* RameCelViewFileds */ = {
			isa = PBXGroup;
			children = (
				010EC95C2D2B84FC006FEFD9 /* PERABEEMianLargeCardCell.swift */,
				010EC9682D2BE7D4006FEFD9 /* PERABEEMianSmallCardCell.swift */,
				010EC9622D2BD5CA006FEFD9 /* PERABEEMianEFsidyduaCell.swift */,
				010EC96A2D2BF145006FEFD9 /* PERABEEMianProductItemCell.swift */,
				010EC9642D2BE1D1006FEFD9 /* PERABEEMianrDjgmoxpJCell.swift */,
				010EC9662D2BE3D1006FEFD9 /* PERABEEMianrDjgmoxpSecCell.swift */,
				01A964C02D2F8239006F9811 /* PERABEMainEirgepcztoCell.swift */,
			);
			path = RameCelViewFileds;
			sourceTree = "<group>";
		};
		010EC9732D2D1002006FEFD9 /* Lib */ = {
			isa = PBXGroup;
			children = (
				010EC9742D2D102D006FEFD9 /* DeviceLib.framework */,
			);
			path = Lib;
			sourceTree = "<group>";
		};
		01A964BB2D2E600D006F9811 /* BlocalUrlSeterManPared */ = {
			isa = PBXGroup;
			children = (
				01A964BC2D2E614D006F9811 /* PERABEERunPlaSafireToler.swift */,
				01A964BE2D2E6236006F9811 /* PERABEEWebViewVCNarBar.swift */,
			);
			path = BlocalUrlSeterManPared;
			sourceTree = "<group>";
		};
		3FCF145A2D2BCB0500D9CDD4 /* PBELocalGetterWidthSlom */ = {
			isa = PBXGroup;
			children = (
				010EC9602D2B90BE006FEFD9 /* MPLUS2.ttf */,
				010EC95E2D2B8C44006FEFD9 /* Roboto-ThinItalic.ttf */,
				C9B6D9082D2B8CC6001B0D72 /* MPLUS2-Medium.ttf */,
				3FCF145B2D2BCB0900D9CDD4 /* PBEEFirstBaseWidget.swift */,
				3FCF145C2D2BCB0900D9CDD4 /* PBEEZeroMastWidget.swift */,
				3FCF145F2D2BCB6700D9CDD4 /* PBEEMastNextWidgetShower.swift */,
				3F3A8BAB2D2D3CA400BD704D /* PBEEDefaultRunsClearVibs.swift */,
			);
			path = PBELocalGetterWidthSlom;
			sourceTree = "<group>";
		};
		3FF8B8182D27BFDC004DB787 = {
			isa = PBXGroup;
			children = (
				3FF8B8522D27C001004DB787 /* PeraBee */,
				3FF8B8222D27BFDC004DB787 /* Products */,
				5C2200E243A1DBBB920A214E /* Pods */,
				AF595CFAE6D65AB4EA73FDA9 /* Frameworks */,
			);
			sourceTree = "<group>";
		};
		3FF8B8222D27BFDC004DB787 /* Products */ = {
			isa = PBXGroup;
			children = (
				3FF8B8212D27BFDC004DB787 /* PeraBee.app */,
			);
			name = Products;
			sourceTree = "<group>";
		};
		3FF8B8522D27C001004DB787 /* PeraBee */ = {
			isa = PBXGroup;
			children = (
				3FF8B8612D27C0BE004DB787 /* ShowKKsNetFoadVbers */,
				C90FCEF42D27F56200D4F9C1 /* CloseInderCertBannerFocks */,
				3FCF145A2D2BCB0500D9CDD4 /* PBELocalGetterWidthSlom */,
				010EC9372D27CD7F006FEFD9 /* PBETotalRttfRoomateger */,
				3FF8B85E2D27C0BE004DB787 /* ServiceBaseConfiger */,
				010EC9732D2D1002006FEFD9 /* Lib */,
				C9B6D9122D2BC654001B0D72 /* DefalutRunKimlate */,
				01A964BB2D2E600D006F9811 /* BlocalUrlSeterManPared */,
				3FF8B84A2D27C001004DB787 /* Assets.xcassets */,
				3FF8B84B2D27C001004DB787 /* Info.plist */,
				010EC93A2D27D70D006FEFD9 /* PeraBee.entitlements */,
				3FF8B84D2D27C001004DB787 /* LaunchScreen.storyboard */,
				3FF8B84F2D27C001004DB787 /* Main.storyboard */,
				3FF8B8492D27C001004DB787 /* AppDelegate.swift */,
				3FF8B8512D27C001004DB787 /* ViewController.swift */,
				3F3A8BA72D2D11EF00BD704D /* PeraBee-Bridging-Header.h */,
			);
			path = PeraBee;
			sourceTree = "<group>";
		};
		3FF8B85E2D27C0BE004DB787 /* ServiceBaseConfiger */ = {
			isa = PBXGroup;
			children = (
				010EC9572D2B7FCF006FEFD9 /* FloendeCiontaodPopNation */,
				3FF8B85A2D27C0BE004DB787 /* CustomTabBarController.swift */,
				3FF8B85C2D27C0BE004DB787 /* PBEEAllSaberListWidget.swift */,
				3F11A1572D2FBD9500B618FD /* PBEELittleTableCellClimer.swift */,
				3FF8B85D2D27C0BE004DB787 /* PBEEAnotherHomeWidget.swift */,
				3F11A1532D2F740600B618FD /* PBEESlowConfigWdiget.swift */,
			);
			path = ServiceBaseConfiger;
			sourceTree = "<group>";
		};
		3FF8B8612D27C0BE004DB787 /* ShowKKsNetFoadVbers */ = {
			isa = PBXGroup;
			children = (
				3FF8B85F2D27C0BE004DB787 /* PBEERunFastByNetTools.swift */,
				3FF8B8602D27C0BE004DB787 /* PBEEFireManWorkLates.swift */,
				3FCF14512D2B83C600D9CDD4 /* PBEEKBlowHoldNee.swift */,
				3FCF14532D2B857A00D9CDD4 /* PBEEKissFloarMiit.swift */,
			);
			path = ShowKKsNetFoadVbers;
			sourceTree = "<group>";
		};
		5C2200E243A1DBBB920A214E /* Pods */ = {
			isa = PBXGroup;
			children = (
				C271A16697F6A4416F584085 /* Pods-PeraBee.debug.xcconfig */,
				F4B305CA980E71E2C3D6F8F2 /* Pods-PeraBee.release.xcconfig */,
			);
			path = Pods;
			sourceTree = "<group>";
		};
		AF595CFAE6D65AB4EA73FDA9 /* Frameworks */ = {
			isa = PBXGroup;
			children = (
				C461AD5E8ADF6F87101FCC5F /* Pods_PeraBee.framework */,
			);
			name = Frameworks;
			sourceTree = "<group>";
		};
		C90FCEF42D27F56200D4F9C1 /* CloseInderCertBannerFocks */ = {
			isa = PBXGroup;
			children = (
				C920D5772D2B736100BF78E1 /* PBECertBasicVC.swift */,
				C9B6D90A2D2BBE1C001B0D72 /* PBECertExtWidget.swift */,
				C9B6D90C2D2BBE2C001B0D72 /* PBECertPhotosWidget.swift */,
				C9B6D90E2D2BBE3A001B0D72 /* PBECertFacailWidget.swift */,
				C9B6D9102D2BBE49001B0D72 /* PBECertBankWidget.swift */,
			);
			path = CloseInderCertBannerFocks;
			sourceTree = "<group>";
		};
		C9B6D9122D2BC654001B0D72 /* DefalutRunKimlate */ = {
			isa = PBXGroup;
			children = (
				C90FCEF52D27F69B00D4F9C1 /* PBECertBaseVC.swift */,
				C90FCEF62D27F69B00D4F9C1 /* PBECertBaseVC.xib */,
				C9B6D9132D2BC74C001B0D72 /* PBECertBaseWidgetTableViewCell.swift */,
				C9B6D9142D2BC74C001B0D72 /* PBECertBaseWidgetTableViewCell.xib */,
				C9B6D9172D2BE592001B0D72 /* PBECertBaseWidgetTxtTableViewCell.swift */,
				C9B6D9182D2BE592001B0D72 /* PBECertBaseWidgetTxtTableViewCell.xib */,
				C9B6D9232D2D01FE001B0D72 /* PBECertBaseWidgetEmailView.swift */,
				C9B6D9252D2D0258001B0D72 /* PBECertBaseWidgetEmailCell.swift */,
				C9B6D9262D2D0258001B0D72 /* PBECertBaseWidgetEmailCell.xib */,
				C9B6D9212D2CE243001B0D72 /* PBECertBaseWidgetMoreHeadView.swift */,
				C9B6D9292D2D13CF001B0D72 /* PBECertBaseWidgetPopSelectView.swift */,
				C9B6D9332D2E3149001B0D72 /* PBECertBaseWidgetPopSelectTimeView.swift */,
				C9B6D92B2D2D3954001B0D72 /* PBECertBaseWidgetContactCell.swift */,
				C9B6D92C2D2D3954001B0D72 /* PBECertBaseWidgetContactCell.xib */,
				C9B6D92F2D2D42CC001B0D72 /* PBECertBaseWidgetPopSelectOneView.swift */,
				C9B6D9352D2E5D0B001B0D72 /* PBECertBaseWidgetPhotoHeadCell.swift */,
				C9B6D9362D2E5D0B001B0D72 /* PBECertBaseWidgetPhotoHeadCell.xib */,
				C9F956A32D2E6EEB00C180A3 /* PBECertBaseWidgetPhotoGenderCell.swift */,
				C9F956A42D2E6EEB00C180A3 /* PBECertBaseWidgetPhotoGenderCell.xib */,
				C9B6D9392D2E5E2A001B0D72 /* PBECertBaseWidgetFacialCell.swift */,
				C9B6D93A2D2E5E2A001B0D72 /* PBECertBaseWidgetFacialCell.xib */,
				C9F956A72D2FB54700C180A3 /* PBECertBaseWidgetBankECell.swift */,
				C9F956A82D2FB54700C180A3 /* PBECertBaseWidgetBankECell.xib */,
				C9F956AF2D2FBAA600C180A3 /* PBECertBaseWidgetBankEECell.swift */,
				C9F956B02D2FBAA600C180A3 /* PBECertBaseWidgetBankEECell.xib */,
				C9F956AB2D2FB55400C180A3 /* PBECertBaseWidgetBankBCell.swift */,
				C9F956AC2D2FB55400C180A3 /* PBECertBaseWidgetBankBCell.xib */,
				C9F956B32D2FDBF500C180A3 /* PBECertBaseWidgetBankConfirmViewController.swift */,
				C9F956B42D2FDBF500C180A3 /* PBECertBaseWidgetBankConfirmViewController.xib */,
			);
			path = DefalutRunKimlate;
			sourceTree = "<group>";
		};
/* End PBXGroup section */

/* Begin PBXNativeTarget section */
		3FF8B8202D27BFDC004DB787 /* PeraBee */ = {
			isa = PBXNativeTarget;
			buildConfigurationList = 3FF8B8342D27BFDD004DB787 /* Build configuration list for PBXNativeTarget "PeraBee" */;
			buildPhases = (
				E5CD15F9FE83AB9A7A52A365 /* [CP] Check Pods Manifest.lock */,
				3FF8B81D2D27BFDC004DB787 /* Sources */,
				3FF8B81E2D27BFDC004DB787 /* Frameworks */,
				3FF8B81F2D27BFDC004DB787 /* Resources */,
				97F03FACA83C0CB7D956AB62 /* [CP] Embed Pods Frameworks */,
			);
			buildRules = (
			);
			dependencies = (
			);
			name = PeraBee;
			productName = PeraBee;
			productReference = 3FF8B8212D27BFDC004DB787 /* PeraBee.app */;
			productType = "com.apple.product-type.application";
		};
/* End PBXNativeTarget section */

/* Begin PBXProject section */
		3FF8B8192D27BFDC004DB787 /* Project object */ = {
			isa = PBXProject;
			attributes = {
				BuildIndependentTargetsInParallel = 1;
				LastSwiftUpdateCheck = 1600;
				LastUpgradeCheck = 1600;
				TargetAttributes = {
					3FF8B8202D27BFDC004DB787 = {
						CreatedOnToolsVersion = 16.0;
						LastSwiftMigration = 1600;
					};
				};
			};
			buildConfigurationList = 3FF8B81C2D27BFDC004DB787 /* Build configuration list for PBXProject "PeraBee" */;
			compatibilityVersion = "Xcode 14.0";
			developmentRegion = en;
			hasScannedForEncodings = 0;
			knownRegions = (
				en,
				Base,
			);
			mainGroup = 3FF8B8182D27BFDC004DB787;
			productRefGroup = 3FF8B8222D27BFDC004DB787 /* Products */;
			projectDirPath = "";
			projectRoot = "";
			targets = (
				3FF8B8202D27BFDC004DB787 /* PeraBee */,
			);
		};
/* End PBXProject section */

/* Begin PBXResourcesBuildPhase section */
		3FF8B81F2D27BFDC004DB787 /* Resources */ = {
			isa = PBXResourcesBuildPhase;
			buildActionMask = 2147483647;
			files = (
				010EC95F2D2B8C44006FEFD9 /* Roboto-ThinItalic.ttf in Resources */,
				C9F956AE2D2FB55400C180A3 /* PBECertBaseWidgetBankBCell.xib in Resources */,
				3FF8B8532D27C001004DB787 /* Assets.xcassets in Resources */,
				C9F956A52D2E6EEB00C180A3 /* PBECertBaseWidgetPhotoGenderCell.xib in Resources */,
				C9F956B22D2FBAA600C180A3 /* PBECertBaseWidgetBankEECell.xib in Resources */,
				C9B6D9162D2BC74C001B0D72 /* PBECertBaseWidgetTableViewCell.xib in Resources */,
				3FF8B8552D27C001004DB787 /* LaunchScreen.storyboard in Resources */,
				C9B6D92D2D2D3954001B0D72 /* PBECertBaseWidgetContactCell.xib in Resources */,
				010EC9612D2B90BE006FEFD9 /* MPLUS2.ttf in Resources */,
				C9B6D9092D2B8CC6001B0D72 /* MPLUS2-Medium.ttf in Resources */,
				C9B6D93B2D2E5E2A001B0D72 /* PBECertBaseWidgetFacialCell.xib in Resources */,
				3FF8B8562D27C001004DB787 /* Main.storyboard in Resources */,
				C9F956B62D2FDBF500C180A3 /* PBECertBaseWidgetBankConfirmViewController.xib in Resources */,
				C9B6D9282D2D0258001B0D72 /* PBECertBaseWidgetEmailCell.xib in Resources */,
				C90FCEF82D27F69B00D4F9C1 /* PBECertBaseVC.xib in Resources */,
				C9F956AA2D2FB54700C180A3 /* PBECertBaseWidgetBankECell.xib in Resources */,
				C9B6D91A2D2BE592001B0D72 /* PBECertBaseWidgetTxtTableViewCell.xib in Resources */,
				C9B6D9382D2E5D0B001B0D72 /* PBECertBaseWidgetPhotoHeadCell.xib in Resources */,
			);
			runOnlyForDeploymentPostprocessing = 0;
		};
/* End PBXResourcesBuildPhase section */

/* Begin PBXShellScriptBuildPhase section */
		97F03FACA83C0CB7D956AB62 /* [CP] Embed Pods Frameworks */ = {
			isa = PBXShellScriptBuildPhase;
			buildActionMask = 2147483647;
			files = (
			);
			inputFileListPaths = (
				"${PODS_ROOT}/Target Support Files/Pods-PeraBee/Pods-PeraBee-frameworks-${CONFIGURATION}-input-files.xcfilelist",
			);
			name = "[CP] Embed Pods Frameworks";
			outputFileListPaths = (
				"${PODS_ROOT}/Target Support Files/Pods-PeraBee/Pods-PeraBee-frameworks-${CONFIGURATION}-output-files.xcfilelist",
			);
			runOnlyForDeploymentPostprocessing = 0;
			shellPath = /bin/sh;
			shellScript = "\"${PODS_ROOT}/Target Support Files/Pods-PeraBee/Pods-PeraBee-frameworks.sh\"\n";
			showEnvVarsInLog = 0;
		};
		E5CD15F9FE83AB9A7A52A365 /* [CP] Check Pods Manifest.lock */ = {
			isa = PBXShellScriptBuildPhase;
			buildActionMask = 2147483647;
			files = (
			);
			inputFileListPaths = (
			);
			inputPaths = (
				"${PODS_PODFILE_DIR_PATH}/Podfile.lock",
				"${PODS_ROOT}/Manifest.lock",
			);
			name = "[CP] Check Pods Manifest.lock";
			outputFileListPaths = (
			);
			outputPaths = (
				"$(DERIVED_FILE_DIR)/Pods-PeraBee-checkManifestLockResult.txt",
			);
			runOnlyForDeploymentPostprocessing = 0;
			shellPath = /bin/sh;
			shellScript = "diff \"${PODS_PODFILE_DIR_PATH}/Podfile.lock\" \"${PODS_ROOT}/Manifest.lock\" > /dev/null\nif [ $? != 0 ] ; then\n    # print error to STDERR\n    echo \"error: The sandbox is not in sync with the Podfile.lock. Run 'pod install' or update your CocoaPods installation.\" >&2\n    exit 1\nfi\n# This output is used by Xcode 'outputs' to avoid re-running this script phase.\necho \"SUCCESS\" > \"${SCRIPT_OUTPUT_FILE_0}\"\n";
			showEnvVarsInLog = 0;
		};
/* End PBXShellScriptBuildPhase section */

/* Begin PBXSourcesBuildPhase section */
		3FF8B81D2D27BFDC004DB787 /* Sources */ = {
			isa = PBXSourcesBuildPhase;
			buildActionMask = 2147483647;
			files = (
				C9F956A92D2FB54700C180A3 /* PBECertBaseWidgetBankECell.swift in Sources */,
				3FF8B8572D27C001004DB787 /* AppDelegate.swift in Sources */,
				010EC9892D2D2187006FEFD9 /* PERABEEApplyHandleManager.swift in Sources */,
				010EC9722D2CFAF4006FEFD9 /* PERABEEMainWidgetSionView.swift in Sources */,
				010EC9652D2BE1D1006FEFD9 /* PERABEEMianrDjgmoxpJCell.swift in Sources */,
				010EC9392D27CDFA006FEFD9 /* PERABEETools.swift in Sources */,
				3FCF14522D2B83C600D9CDD4 /* PBEEKBlowHoldNee.swift in Sources */,
				C9B6D9272D2D0258001B0D72 /* PBECertBaseWidgetEmailCell.swift in Sources */,
				3FF8B8622D27C0BE004DB787 /* PBEERunFastByNetTools.swift in Sources */,
				C9B6D90F2D2BBE3A001B0D72 /* PBECertFacailWidget.swift in Sources */,
				C9B6D9372D2E5D0B001B0D72 /* PBECertBaseWidgetPhotoHeadCell.swift in Sources */,
				C9B6D9192D2BE592001B0D72 /* PBECertBaseWidgetTxtTableViewCell.swift in Sources */,
				010EC9692D2BE7D4006FEFD9 /* PERABEEMianSmallCardCell.swift in Sources */,
				01A964C12D2F8239006F9811 /* PERABEMainEirgepcztoCell.swift in Sources */,
				010EC9632D2BD5CA006FEFD9 /* PERABEEMianEFsidyduaCell.swift in Sources */,
				3FF8B8632D27C0BE004DB787 /* PBEEAnotherHomeWidget.swift in Sources */,
				3FF8B8642D27C0BE004DB787 /* CustomTabBarController.swift in Sources */,
				3F11A1582D2FBD9500B618FD /* PBEELittleTableCellClimer.swift in Sources */,
				C9B6D9152D2BC74C001B0D72 /* PBECertBaseWidgetTableViewCell.swift in Sources */,
				C9B6D93C2D2E5E2A001B0D72 /* PBECertBaseWidgetFacialCell.swift in Sources */,
				3FF8B8652D27C0BE004DB787 /* PBEEAllSaberListWidget.swift in Sources */,
				C9F956B52D2FDBF500C180A3 /* PBECertBaseWidgetBankConfirmViewController.swift in Sources */,
				C9F956A62D2E6EEB00C180A3 /* PBECertBaseWidgetPhotoGenderCell.swift in Sources */,
				3FF8B8662D27C0BE004DB787 /* PBEEFireManWorkLates.swift in Sources */,
				C90FCEF72D27F69B00D4F9C1 /* PBECertBaseVC.swift in Sources */,
				3FCF145D2D2BCB0900D9CDD4 /* PBEEFirstBaseWidget.swift in Sources */,
				3FCF145E2D2BCB0900D9CDD4 /* PBEEZeroMastWidget.swift in Sources */,
				C9F956B12D2FBAA600C180A3 /* PBECertBaseWidgetBankEECell.swift in Sources */,
				010EC9702D2CDC12006FEFD9 /* PERABEEMainWidgetPopView.swift in Sources */,
				C9B6D90B2D2BBE1C001B0D72 /* PBECertExtWidget.swift in Sources */,
				C9B6D9322D2D4685001B0D72 /* PRABEEContactsManager.swift in Sources */,
				C9B6D9242D2D01FE001B0D72 /* PBECertBaseWidgetEmailView.swift in Sources */,
				01A964BD2D2E614D006F9811 /* PERABEERunPlaSafireToler.swift in Sources */,
				C9B6D9222D2CE243001B0D72 /* PBECertBaseWidgetMoreHeadView.swift in Sources */,
				C9B6D92A2D2D13CF001B0D72 /* PBECertBaseWidgetPopSelectView.swift in Sources */,
				C9B6D9342D2E3149001B0D72 /* PBECertBaseWidgetPopSelectTimeView.swift in Sources */,
				C9B6D90D2D2BBE2C001B0D72 /* PBECertPhotosWidget.swift in Sources */,
				C920D5782D2B736100BF78E1 /* PBECertBasicVC.swift in Sources */,
				010EC96B2D2BF145006FEFD9 /* PERABEEMianProductItemCell.swift in Sources */,
				C920D5782D2B736100BF78E1 /* PBECertBasicVC.swift in Sources */,
				010EC9672D2BE3D1006FEFD9 /* PERABEEMianrDjgmoxpSecCell.swift in Sources */,
				010EC93C2D27E530006FEFD9 /* PERABEELocationManager.swift in Sources */,
				C9B6D92E2D2D3954001B0D72 /* PBECertBaseWidgetContactCell.swift in Sources */,
				01A964BF2D2E6236006F9811 /* PERABEEWebViewVCNarBar.swift in Sources */,
				3F11A1542D2F740600B618FD /* PBEESlowConfigWdiget.swift in Sources */,
				3FCF14542D2B857A00D9CDD4 /* PBEEKissFloarMiit.swift in Sources */,
				3FF8B8672D27C0BE004DB787 /* PBEEWonderfullMainWidget.swift in Sources */,
				010EC95D2D2B84FC006FEFD9 /* PERABEEMianLargeCardCell.swift in Sources */,
				C9F956AD2D2FB55400C180A3 /* PBECertBaseWidgetBankBCell.swift in Sources */,
				010EC95A2D2B8019006FEFD9 /* PERABEEMianViewModel.swift in Sources */,
				010EC9872D2D160D006FEFD9 /* PERABEEDeviceTool.swift in Sources */,
				3FF8B8592D27C001004DB787 /* ViewController.swift in Sources */,
				3FCF14602D2BCB6700D9CDD4 /* PBEEMastNextWidgetShower.swift in Sources */,
				C9B6D9302D2D42CC001B0D72 /* PBECertBaseWidgetPopSelectOneView.swift in Sources */,
				C9B6D9112D2BBE49001B0D72 /* PBECertBankWidget.swift in Sources */,
				3F3A8BAC2D2D3CA700BD704D /* PBEEDefaultRunsClearVibs.swift in Sources */,
			);
			runOnlyForDeploymentPostprocessing = 0;
		};
/* End PBXSourcesBuildPhase section */

/* Begin PBXVariantGroup section */
		3FF8B84D2D27C001004DB787 /* LaunchScreen.storyboard */ = {
			isa = PBXVariantGroup;
			children = (
				3FF8B84C2D27C001004DB787 /* Base */,
			);
			name = LaunchScreen.storyboard;
			sourceTree = "<group>";
		};
		3FF8B84F2D27C001004DB787 /* Main.storyboard */ = {
			isa = PBXVariantGroup;
			children = (
				3FF8B84E2D27C001004DB787 /* Base */,
			);
			name = Main.storyboard;
			sourceTree = "<group>";
		};
/* End PBXVariantGroup section */

/* Begin XCBuildConfiguration section */
		3FF8B8352D27BFDD004DB787 /* Debug */ = {
			isa = XCBuildConfiguration;
			baseConfigurationReference = C271A16697F6A4416F584085 /* Pods-PeraBee.debug.xcconfig */;
			buildSettings = {
				ASSETCATALOG_COMPILER_APPICON_NAME = AppIcon;
				ASSETCATALOG_COMPILER_GLOBAL_ACCENT_COLOR_NAME = AccentColor;
				CLANG_ENABLE_MODULES = YES;
				CODE_SIGN_ENTITLEMENTS = PeraBee/PeraBee.entitlements;
				CODE_SIGN_STYLE = Automatic;
				CURRENT_PROJECT_VERSION = 1;
				DEVELOPMENT_TEAM = V9XF58S4MW;
				ENABLE_USER_SCRIPT_SANDBOXING = NO;
				FRAMEWORK_SEARCH_PATHS = (
					"$(inherited)",
					"$(PROJECT_DIR)/PeraBee/Lib",
				);
				GENERATE_INFOPLIST_FILE = YES;
				INFOPLIST_FILE = PeraBee/Info.plist;
				INFOPLIST_KEY_CFBundleDisplayName = PeraBee;
				INFOPLIST_KEY_NSCameraUsageDescription = "The app requires access to your Camera library, media files, and storage to perform OCR recognition for processing uploaded documents and certificates. It also needs camera access for tasks related to certification.";
				INFOPLIST_KEY_NSLocationAlwaysAndWhenInUseUsageDescription = "We gather this information to determine the availability of our services in your area.";
				INFOPLIST_KEY_NSLocationAlwaysUsageDescription = "We gather this information to determine the availability of our services in your area.";
				INFOPLIST_KEY_NSLocationWhenInUseUsageDescription = "We gather this information to determine the availability of our services in your area.";
				INFOPLIST_KEY_UIApplicationSupportsIndirectInputEvents = YES;
				INFOPLIST_KEY_UILaunchStoryboardName = LaunchScreen;
				INFOPLIST_KEY_UIMainStoryboardFile = Main;
				INFOPLIST_KEY_UISupportedInterfaceOrientations = UIInterfaceOrientationPortrait;
				INFOPLIST_KEY_UISupportedInterfaceOrientations_iPad = "UIInterfaceOrientationLandscapeLeft UIInterfaceOrientationLandscapeRight UIInterfaceOrientationPortrait UIInterfaceOrientationPortraitUpsideDown";
				INFOPLIST_KEY_UIUserInterfaceStyle = Light;
				IPHONEOS_DEPLOYMENT_TARGET = 13;
				LD_RUNPATH_SEARCH_PATHS = (
					"$(inherited)",
					"@executable_path/Frameworks",
				);
				MARKETING_VERSION = 1.0.0;
				PRODUCT_BUNDLE_IDENTIFIER = com.ksmfafa.ios;
				PRODUCT_NAME = "$(TARGET_NAME)";
				SUPPORTED_PLATFORMS = "iphoneos iphonesimulator";
				SUPPORTS_MACCATALYST = NO;
				SUPPORTS_MAC_DESIGNED_FOR_IPHONE_IPAD = NO;
				SUPPORTS_XR_DESIGNED_FOR_IPHONE_IPAD = NO;
				SWIFT_EMIT_LOC_STRINGS = YES;
				SWIFT_OBJC_BRIDGING_HEADER = "PeraBee/PeraBee-Bridging-Header.h";
				SWIFT_OPTIMIZATION_LEVEL = "-Onone";
				SWIFT_VERSION = 5.0;
				TARGETED_DEVICE_FAMILY = 1;
			};
			name = Debug;
		};
		3FF8B8362D27BFDD004DB787 /* Release */ = {
			isa = XCBuildConfiguration;
			baseConfigurationReference = F4B305CA980E71E2C3D6F8F2 /* Pods-PeraBee.release.xcconfig */;
			buildSettings = {
				ASSETCATALOG_COMPILER_APPICON_NAME = AppIcon;
				ASSETCATALOG_COMPILER_GLOBAL_ACCENT_COLOR_NAME = AccentColor;
				CLANG_ENABLE_MODULES = YES;
				CODE_SIGN_ENTITLEMENTS = PeraBee/PeraBee.entitlements;
				CODE_SIGN_STYLE = Automatic;
				CURRENT_PROJECT_VERSION = 1;
				DEVELOPMENT_TEAM = V9XF58S4MW;
				ENABLE_USER_SCRIPT_SANDBOXING = NO;
				FRAMEWORK_SEARCH_PATHS = (
					"$(inherited)",
					"$(PROJECT_DIR)/PeraBee/Lib",
				);
				GENERATE_INFOPLIST_FILE = YES;
				INFOPLIST_FILE = PeraBee/Info.plist;
				INFOPLIST_KEY_CFBundleDisplayName = PeraBee;
				INFOPLIST_KEY_NSCameraUsageDescription = "The app requires access to your Camera library, media files, and storage to perform OCR recognition for processing uploaded documents and certificates. It also needs camera access for tasks related to certification.";
				INFOPLIST_KEY_NSLocationAlwaysAndWhenInUseUsageDescription = "We gather this information to determine the availability of our services in your area.";
				INFOPLIST_KEY_NSLocationAlwaysUsageDescription = "We gather this information to determine the availability of our services in your area.";
				INFOPLIST_KEY_NSLocationWhenInUseUsageDescription = "We gather this information to determine the availability of our services in your area.";
				INFOPLIST_KEY_UIApplicationSupportsIndirectInputEvents = YES;
				INFOPLIST_KEY_UILaunchStoryboardName = LaunchScreen;
				INFOPLIST_KEY_UIMainStoryboardFile = Main;
				INFOPLIST_KEY_UISupportedInterfaceOrientations = UIInterfaceOrientationPortrait;
				INFOPLIST_KEY_UISupportedInterfaceOrientations_iPad = "UIInterfaceOrientationLandscapeLeft UIInterfaceOrientationLandscapeRight UIInterfaceOrientationPortrait UIInterfaceOrientationPortraitUpsideDown";
				INFOPLIST_KEY_UIUserInterfaceStyle = Light;
				IPHONEOS_DEPLOYMENT_TARGET = 13;
				LD_RUNPATH_SEARCH_PATHS = (
					"$(inherited)",
					"@executable_path/Frameworks",
				);
				MARKETING_VERSION = 1.0.0;
				PRODUCT_BUNDLE_IDENTIFIER = com.ksmfafa.ios;
				PRODUCT_NAME = "$(TARGET_NAME)";
				SUPPORTED_PLATFORMS = "iphoneos iphonesimulator";
				SUPPORTS_MACCATALYST = NO;
				SUPPORTS_MAC_DESIGNED_FOR_IPHONE_IPAD = NO;
				SUPPORTS_XR_DESIGNED_FOR_IPHONE_IPAD = NO;
				SWIFT_EMIT_LOC_STRINGS = YES;
				SWIFT_OBJC_BRIDGING_HEADER = "PeraBee/PeraBee-Bridging-Header.h";
				SWIFT_VERSION = 5.0;
				TARGETED_DEVICE_FAMILY = 1;
			};
			name = Release;
		};
		3FF8B8372D27BFDD004DB787 /* Debug */ = {
			isa = XCBuildConfiguration;
			buildSettings = {
				ALWAYS_SEARCH_USER_PATHS = NO;
				ASSETCATALOG_COMPILER_GENERATE_SWIFT_ASSET_SYMBOL_EXTENSIONS = YES;
				CLANG_ANALYZER_NONNULL = YES;
				CLANG_ANALYZER_NUMBER_OBJECT_CONVERSION = YES_AGGRESSIVE;
				CLANG_CXX_LANGUAGE_STANDARD = "gnu++20";
				CLANG_ENABLE_MODULES = YES;
				CLANG_ENABLE_OBJC_ARC = YES;
				CLANG_ENABLE_OBJC_WEAK = YES;
				CLANG_WARN_BLOCK_CAPTURE_AUTORELEASING = YES;
				CLANG_WARN_BOOL_CONVERSION = YES;
				CLANG_WARN_COMMA = YES;
				CLANG_WARN_CONSTANT_CONVERSION = YES;
				CLANG_WARN_DEPRECATED_OBJC_IMPLEMENTATIONS = YES;
				CLANG_WARN_DIRECT_OBJC_ISA_USAGE = YES_ERROR;
				CLANG_WARN_DOCUMENTATION_COMMENTS = YES;
				CLANG_WARN_EMPTY_BODY = YES;
				CLANG_WARN_ENUM_CONVERSION = YES;
				CLANG_WARN_INFINITE_RECURSION = YES;
				CLANG_WARN_INT_CONVERSION = YES;
				CLANG_WARN_NON_LITERAL_NULL_CONVERSION = YES;
				CLANG_WARN_OBJC_IMPLICIT_RETAIN_SELF = YES;
				CLANG_WARN_OBJC_LITERAL_CONVERSION = YES;
				CLANG_WARN_OBJC_ROOT_CLASS = YES_ERROR;
				CLANG_WARN_QUOTED_INCLUDE_IN_FRAMEWORK_HEADER = YES;
				CLANG_WARN_RANGE_LOOP_ANALYSIS = YES;
				CLANG_WARN_STRICT_PROTOTYPES = YES;
				CLANG_WARN_SUSPICIOUS_MOVE = YES;
				CLANG_WARN_UNGUARDED_AVAILABILITY = YES_AGGRESSIVE;
				CLANG_WARN_UNREACHABLE_CODE = YES;
				CLANG_WARN__DUPLICATE_METHOD_MATCH = YES;
				COPY_PHASE_STRIP = NO;
				DEBUG_INFORMATION_FORMAT = dwarf;
				ENABLE_STRICT_OBJC_MSGSEND = YES;
				ENABLE_TESTABILITY = YES;
				ENABLE_USER_SCRIPT_SANDBOXING = YES;
				GCC_C_LANGUAGE_STANDARD = gnu17;
				GCC_DYNAMIC_NO_PIC = NO;
				GCC_NO_COMMON_BLOCKS = YES;
				GCC_OPTIMIZATION_LEVEL = 0;
				GCC_PREPROCESSOR_DEFINITIONS = (
					"DEBUG=1",
					"$(inherited)",
				);
				GCC_WARN_64_TO_32_BIT_CONVERSION = YES;
				GCC_WARN_ABOUT_RETURN_TYPE = YES_ERROR;
				GCC_WARN_UNDECLARED_SELECTOR = YES;
				GCC_WARN_UNINITIALIZED_AUTOS = YES_AGGRESSIVE;
				GCC_WARN_UNUSED_FUNCTION = YES;
				GCC_WARN_UNUSED_VARIABLE = YES;
				IPHONEOS_DEPLOYMENT_TARGET = 18.0;
				LOCALIZATION_PREFERS_STRING_CATALOGS = YES;
				MTL_ENABLE_DEBUG_INFO = INCLUDE_SOURCE;
				MTL_FAST_MATH = YES;
				ONLY_ACTIVE_ARCH = YES;
				SDKROOT = iphoneos;
				SWIFT_ACTIVE_COMPILATION_CONDITIONS = "DEBUG $(inherited)";
				SWIFT_OPTIMIZATION_LEVEL = "-Onone";
			};
			name = Debug;
		};
		3FF8B8382D27BFDD004DB787 /* Release */ = {
			isa = XCBuildConfiguration;
			buildSettings = {
				ALWAYS_SEARCH_USER_PATHS = NO;
				ASSETCATALOG_COMPILER_GENERATE_SWIFT_ASSET_SYMBOL_EXTENSIONS = YES;
				CLANG_ANALYZER_NONNULL = YES;
				CLANG_ANALYZER_NUMBER_OBJECT_CONVERSION = YES_AGGRESSIVE;
				CLANG_CXX_LANGUAGE_STANDARD = "gnu++20";
				CLANG_ENABLE_MODULES = YES;
				CLANG_ENABLE_OBJC_ARC = YES;
				CLANG_ENABLE_OBJC_WEAK = YES;
				CLANG_WARN_BLOCK_CAPTURE_AUTORELEASING = YES;
				CLANG_WARN_BOOL_CONVERSION = YES;
				CLANG_WARN_COMMA = YES;
				CLANG_WARN_CONSTANT_CONVERSION = YES;
				CLANG_WARN_DEPRECATED_OBJC_IMPLEMENTATIONS = YES;
				CLANG_WARN_DIRECT_OBJC_ISA_USAGE = YES_ERROR;
				CLANG_WARN_DOCUMENTATION_COMMENTS = YES;
				CLANG_WARN_EMPTY_BODY = YES;
				CLANG_WARN_ENUM_CONVERSION = YES;
				CLANG_WARN_INFINITE_RECURSION = YES;
				CLANG_WARN_INT_CONVERSION = YES;
				CLANG_WARN_NON_LITERAL_NULL_CONVERSION = YES;
				CLANG_WARN_OBJC_IMPLICIT_RETAIN_SELF = YES;
				CLANG_WARN_OBJC_LITERAL_CONVERSION = YES;
				CLANG_WARN_OBJC_ROOT_CLASS = YES_ERROR;
				CLANG_WARN_QUOTED_INCLUDE_IN_FRAMEWORK_HEADER = YES;
				CLANG_WARN_RANGE_LOOP_ANALYSIS = YES;
				CLANG_WARN_STRICT_PROTOTYPES = YES;
				CLANG_WARN_SUSPICIOUS_MOVE = YES;
				CLANG_WARN_UNGUARDED_AVAILABILITY = YES_AGGRESSIVE;
				CLANG_WARN_UNREACHABLE_CODE = YES;
				CLANG_WARN__DUPLICATE_METHOD_MATCH = YES;
				COPY_PHASE_STRIP = NO;
				DEBUG_INFORMATION_FORMAT = "dwarf-with-dsym";
				ENABLE_NS_ASSERTIONS = NO;
				ENABLE_STRICT_OBJC_MSGSEND = YES;
				ENABLE_USER_SCRIPT_SANDBOXING = YES;
				GCC_C_LANGUAGE_STANDARD = gnu17;
				GCC_NO_COMMON_BLOCKS = YES;
				GCC_WARN_64_TO_32_BIT_CONVERSION = YES;
				GCC_WARN_ABOUT_RETURN_TYPE = YES_ERROR;
				GCC_WARN_UNDECLARED_SELECTOR = YES;
				GCC_WARN_UNINITIALIZED_AUTOS = YES_AGGRESSIVE;
				GCC_WARN_UNUSED_FUNCTION = YES;
				GCC_WARN_UNUSED_VARIABLE = YES;
				IPHONEOS_DEPLOYMENT_TARGET = 18.0;
				LOCALIZATION_PREFERS_STRING_CATALOGS = YES;
				MTL_ENABLE_DEBUG_INFO = NO;
				MTL_FAST_MATH = YES;
				SDKROOT = iphoneos;
				SWIFT_COMPILATION_MODE = wholemodule;
				VALIDATE_PRODUCT = YES;
			};
			name = Release;
		};
/* End XCBuildConfiguration section */

/* Begin XCConfigurationList section */
		3FF8B81C2D27BFDC004DB787 /* Build configuration list for PBXProject "PeraBee" */ = {
			isa = XCConfigurationList;
			buildConfigurations = (
				3FF8B8372D27BFDD004DB787 /* Debug */,
				3FF8B8382D27BFDD004DB787 /* Release */,
			);
			defaultConfigurationIsVisible = 0;
			defaultConfigurationName = Release;
		};
		3FF8B8342D27BFDD004DB787 /* Build configuration list for PBXNativeTarget "PeraBee" */ = {
			isa = XCConfigurationList;
			buildConfigurations = (
				3FF8B8352D27BFDD004DB787 /* Debug */,
				3FF8B8362D27BFDD004DB787 /* Release */,
			);
			defaultConfigurationIsVisible = 0;
			defaultConfigurationName = Release;
		};
/* End XCConfigurationList section */
	};
	rootObject = 3FF8B8192D27BFDC004DB787 /* Project object */;
}
